
Microsoft Visual Studio Solution File, Format Version 12.00
# Visual Studio 15
VisualStudioVersion = 15.0.27130.2024
MinimumVisualStudioVersion = 10.0.40219.1
Project("{8BC9CEB8-8B4A-11D0-8D11-00A0C91BC942}") = "AutoLock", "AutoLock\AutoLock.vcxproj", "{FF5D03F4-18F2-47B4-9E59-FDF9A3EDAC16}"
EndProject
Global
	GlobalSection(SolutionConfigurationPlatforms) = preSolution
		Debug|x64 = Debug|x64
		Release|x64 = Release|x64
	EndGlobalSection
	GlobalSection(ProjectConfigurationPlatforms) = postSolution
		{FF5D03F4-18F2-47B4-9E59-FDF9A3EDAC16}.Debug|x64.ActiveCfg = Debug|x64
		{FF5D03F4-18F2-47B4-9E59-FDF9A3EDAC16}.Debug|x64.Build.0 = Debug|x64
		{FF5D03F4-18F2-47B4-9E59-FDF9A3EDAC16}.Release|x64.ActiveCfg = Release|x64
		{FF5D03F4-18F2-47B4-9E59-FDF9A3EDAC16}.Release|x64.Build.0 = Release|x64
	EndGlobalSection
	GlobalSection(SolutionProperties) = preSolution
		HideSolutionNode = FALSE
	EndGlobalSection
	GlobalSection(ExtensibilityGlobals) = postSolution
		SolutionGuid = {D8FBBBA0-B880-4FA6-9786-78306001EE1D}
	EndGlobalSection
EndGlobal
